
Microsoft Visual Studio Solution File, Format Version 12.00
Project("{2150E333-8FDC-42A3-9474-1A3956D46DE8}") = "Core", "Core", "{D2234832-E301-4089-A999-333A73725BD5}"
EndProject
Project("{2150E333-8FDC-42A3-9474-1A3956D46DE8}") = "Infrastructure", "Infrastructure", "{84F14AE8-6D0F-4631-A8E3-4B956F3A96B0}"
EndProject
Project("{2150E333-8FDC-42A3-9474-1A3956D46DE8}") = "Presentation", "Presentation", "{CDF81FE9-839B-46D9-8E6E-F444898AB605}"
EndProject
Project("{FAE04EC0-301F-11D3-BF4B-00C04F79EFBC}") = "ECOD.API", "ECOD.API\ECOD.API.csproj", "{DBAC0CAD-5397-4D8C-BCCA-1E82AAE9447F}"
EndProject
Project("{FAE04EC0-301F-11D3-BF4B-00C04F79EFBC}") = "ECOD.Application", "ECOD.Application\ECOD.Application.csproj", "{7A6C48C5-3662-4B09-A13C-92BDFB3FA942}"
EndProject
Project("{FAE04EC0-301F-11D3-BF4B-00C04F79EFBC}") = "ECOD.Domain", "ECOD.Domain\ECOD.Domain.csproj", "{E81BB28E-26B1-4772-A7EE-A0E8DA1DB4B1}"
EndProject
Project("{FAE04EC0-301F-11D3-BF4B-00C04F79EFBC}") = "ECOD.Persistence", "ECOD.Persistence\ECOD.Persistence.csproj", "{82F5C3F1-97CE-4323-83FA-BF5C8529CF54}"
EndProject
Global
	GlobalSection(SolutionConfigurationPlatforms) = preSolution
		Debug|Any CPU = Debug|Any CPU
		Release|Any CPU = Release|Any CPU
	EndGlobalSection
	GlobalSection(ProjectConfigurationPlatforms) = postSolution
		{DBAC0CAD-5397-4D8C-BCCA-1E82AAE9447F}.Debug|Any CPU.ActiveCfg = Debug|Any CPU
		{DBAC0CAD-5397-4D8C-BCCA-1E82AAE9447F}.Debug|Any CPU.Build.0 = Debug|Any CPU
		{DBAC0CAD-5397-4D8C-BCCA-1E82AAE9447F}.Release|Any CPU.ActiveCfg = Release|Any CPU
		{DBAC0CAD-5397-4D8C-BCCA-1E82AAE9447F}.Release|Any CPU.Build.0 = Release|Any CPU
		{7A6C48C5-3662-4B09-A13C-92BDFB3FA942}.Debug|Any CPU.ActiveCfg = Debug|Any CPU
		{7A6C48C5-3662-4B09-A13C-92BDFB3FA942}.Debug|Any CPU.Build.0 = Debug|Any CPU
		{7A6C48C5-3662-4B09-A13C-92BDFB3FA942}.Release|Any CPU.ActiveCfg = Release|Any CPU
		{7A6C48C5-3662-4B09-A13C-92BDFB3FA942}.Release|Any CPU.Build.0 = Release|Any CPU
		{E81BB28E-26B1-4772-A7EE-A0E8DA1DB4B1}.Debug|Any CPU.ActiveCfg = Debug|Any CPU
		{E81BB28E-26B1-4772-A7EE-A0E8DA1DB4B1}.Debug|Any CPU.Build.0 = Debug|Any CPU
		{E81BB28E-26B1-4772-A7EE-A0E8DA1DB4B1}.Release|Any CPU.ActiveCfg = Release|Any CPU
		{E81BB28E-26B1-4772-A7EE-A0E8DA1DB4B1}.Release|Any CPU.Build.0 = Release|Any CPU
		{82F5C3F1-97CE-4323-83FA-BF5C8529CF54}.Debug|Any CPU.ActiveCfg = Debug|Any CPU
		{82F5C3F1-97CE-4323-83FA-BF5C8529CF54}.Debug|Any CPU.Build.0 = Debug|Any CPU
		{82F5C3F1-97CE-4323-83FA-BF5C8529CF54}.Release|Any CPU.ActiveCfg = Release|Any CPU
		{82F5C3F1-97CE-4323-83FA-BF5C8529CF54}.Release|Any CPU.Build.0 = Release|Any CPU
	EndGlobalSection
	GlobalSection(NestedProjects) = preSolution
		{DBAC0CAD-5397-4D8C-BCCA-1E82AAE9447F} = {CDF81FE9-839B-46D9-8E6E-F444898AB605}
		{7A6C48C5-3662-4B09-A13C-92BDFB3FA942} = {D2234832-E301-4089-A999-333A73725BD5}
		{E81BB28E-26B1-4772-A7EE-A0E8DA1DB4B1} = {D2234832-E301-4089-A999-333A73725BD5}
		{82F5C3F1-97CE-4323-83FA-BF5C8529CF54} = {84F14AE8-6D0F-4631-A8E3-4B956F3A96B0}
	EndGlobalSection
EndGlobal
